
Microsoft Visual Studio Solution File, Format Version 12.00
# Visual Studio Version 17
VisualStudioVersion = 17.9.34723.18
MinimumVisualStudioVersion = 10.0.40219.1
Project("{FAE04EC0-301F-11D3-BF4B-00C04F79EFBC}") = "NZWalks.API", "NZWalks.API\NZWalks.API.csproj", "{6591E8CC-DA02-4B96-9936-2483E33A54E2}"
EndProject
Global
	GlobalSection(SolutionConfigurationPlatforms) = preSolution
		Debug|Any CPU = Debug|Any CPU
		Release|Any CPU = Release|Any CPU
	EndGlobalSection
	GlobalSection(ProjectConfigurationPlatforms) = postSolution
		{6591E8CC-DA02-4B96-9936-2483E33A54E2}.Debug|Any CPU.ActiveCfg = Debug|Any CPU
		{6591E8CC-DA02-4B96-9936-2483E33A54E2}.Debug|Any CPU.Build.0 = Debug|Any CPU
		{6591E8CC-DA02-4B96-9936-2483E33A54E2}.Release|Any CPU.ActiveCfg = Release|Any CPU
		{6591E8CC-DA02-4B96-9936-2483E33A54E2}.Release|Any CPU.Build.0 = Release|Any CPU
	EndGlobalSection
	GlobalSection(SolutionProperties) = preSolution
		HideSolutionNode = FALSE
	EndGlobalSection
	GlobalSection(ExtensibilityGlobals) = postSolution
		SolutionGuid = {1B52794B-F77E-4412-93FF-2A2AC161B6D8}
	EndGlobalSection
EndGlobal
